// !$*UTF8*$!
{
	archiveVersion = 1;
	classes = {
	};
	objectVersion = 50;
	objects = {

/* Begin PBXBuildFile section */
		78A486DD2254F5C3009F5A96 /* AppDelegate.swift in Sources */ = {isa = PBXBuildFile; fileRef = 78A486DC2254F5C3009F5A96 /* AppDelegate.swift */; };
		78A486DF2254F5C3009F5A96 /* ViewController.swift in Sources */ = {isa = PBXBuildFile; fileRef = 78A486DE2254F5C3009F5A96 /* ViewController.swift */; };
		78A486E22254F5C3009F5A96 /* Main.storyboard in Resources */ = {isa = PBXBuildFile; fileRef = 78A486E02254F5C3009F5A96 /* Main.storyboard */; };
		78A486E42254F5C5009F5A96 /* Assets.xcassets in Resources */ = {isa = PBXBuildFile; fileRef = 78A486E32254F5C5009F5A96 /* Assets.xcassets */; };
		78A486E72254F5C5009F5A96 /* LaunchScreen.storyboard in Resources */ = {isa = PBXBuildFile; fileRef = 78A486E52254F5C5009F5A96 /* LaunchScreen.storyboard */; };
		78A486F22254F5C5009F5A96 /* AppArchitectureTests.swift in Sources */ = {isa = PBXBuildFile; fileRef = 78A486F12254F5C5009F5A96 /* AppArchitectureTests.swift */; };
		78A486FD2254F5C5009F5A96 /* AppArchitectureUITests.swift in Sources */ = {isa = PBXBuildFile; fileRef = 78A486FC2254F5C5009F5A96 /* AppArchitectureUITests.swift */; };
		78A4870B2254FE21009F5A96 /* Model.swift in Sources */ = {isa = PBXBuildFile; fileRef = 78A4870A2254FE21009F5A96 /* Model.swift */; };
		78A4870C2254FE21009F5A96 /* Model.swift in Sources */ = {isa = PBXBuildFile; fileRef = 78A4870A2254FE21009F5A96 /* Model.swift */; };
		78A4870D2254FE21009F5A96 /* Model.swift in Sources */ = {isa = PBXBuildFile; fileRef = 78A4870A2254FE21009F5A96 /* Model.swift */; };
/* End PBXBuildFile section */

/* Begin PBXContainerItemProxy section */
		78A486EE2254F5C5009F5A96 /* PBXContainerItemProxy */ = {
			isa = PBXContainerItemProxy;
			containerPortal = 78A486D12254F5C3009F5A96 /* Project object */;
			proxyType = 1;
			remoteGlobalIDString = 78A486D82254F5C3009F5A96;
			remoteInfo = AppArchitecture;
		};
		78A486F92254F5C5009F5A96 /* PBXContainerItemProxy */ = {
			isa = PBXContainerItemProxy;
			containerPortal = 78A486D12254F5C3009F5A96 /* Project object */;
			proxyType = 1;
			remoteGlobalIDString = 78A486D82254F5C3009F5A96;
			remoteInfo = AppArchitecture;
		};
/* End PBXContainerItemProxy section */

/* Begin PBXFileReference section */
		78A486D92254F5C3009F5A96 /* AppArchitecture.app */ = {isa = PBXFileReference; explicitFileType = wrapper.application; includeInIndex = 0; path = AppArchitecture.app; sourceTree = BUILT_PRODUCTS_DIR; };
		78A486DC2254F5C3009F5A96 /* AppDelegate.swift */ = {isa = PBXFileReference; lastKnownFileType = sourcecode.swift; path = AppDelegate.swift; sourceTree = "<group>"; };
		78A486DE2254F5C3009F5A96 /* ViewController.swift */ = {isa = PBXFileReference; lastKnownFileType = sourcecode.swift; path = ViewController.swift; sourceTree = "<group>"; };
		78A486E12254F5C3009F5A96 /* Base */ = {isa = PBXFileReference; lastKnownFileType = file.storyboard; name = Base; path = Base.lproj/Main.storyboard; sourceTree = "<group>"; };
		78A486E32254F5C5009F5A96 /* Assets.xcassets */ = {isa = PBXFileReference; lastKnownFileType = folder.assetcatalog; path = Assets.xcassets; sourceTree = "<group>"; };
		78A486E62254F5C5009F5A96 /* Base */ = {isa = PBXFileReference; lastKnownFileType = file.storyboard; name = Base; path = Base.lproj/LaunchScreen.storyboard; sourceTree = "<group>"; };
		78A486E82254F5C5009F5A96 /* Info.plist */ = {isa = PBXFileReference; lastKnownFileType = text.plist.xml; path = Info.plist; sourceTree = "<group>"; };
		78A486ED2254F5C5009F5A96 /* AppArchitectureTests.xctest */ = {isa = PBXFileReference; explicitFileType = wrapper.cfbundle; includeInIndex = 0; path = AppArchitectureTests.xctest; sourceTree = BUILT_PRODUCTS_DIR; };
		78A486F12254F5C5009F5A96 /* AppArchitectureTests.swift */ = {isa = PBXFileReference; lastKnownFileType = sourcecode.swift; path = AppArchitectureTests.swift; sourceTree = "<group>"; };
		78A486F32254F5C5009F5A96 /* Info.plist */ = {isa = PBXFileReference; lastKnownFileType = text.plist.xml; path = Info.plist; sourceTree = "<group>"; };
		78A486F82254F5C5009F5A96 /* AppArchitectureUITests.xctest */ = {isa = PBXFileReference; explicitFileType = wrapper.cfbundle; includeInIndex = 0; path = AppArchitectureUITests.xctest; sourceTree = BUILT_PRODUCTS_DIR; };
		78A486FC2254F5C5009F5A96 /* AppArchitectureUITests.swift */ = {isa = PBXFileReference; lastKnownFileType = sourcecode.swift; path = AppArchitectureUITests.swift; sourceTree = "<group>"; };
		78A486FE2254F5C5009F5A96 /* Info.plist */ = {isa = PBXFileReference; lastKnownFileType = text.plist.xml; path = Info.plist; sourceTree = "<group>"; };
		78A4870A2254FE21009F5A96 /* Model.swift */ = {isa = PBXFileReference; lastKnownFileType = sourcecode.swift; path = Model.swift; sourceTree = "<group>"; };
/* End PBXFileReference section */

/* Begin PBXFrameworksBuildPhase section */
		78A486D62254F5C3009F5A96 /* Frameworks */ = {
			isa = PBXFrameworksBuildPhase;
			buildActionMask = 2147483647;
			files = (
			);
			runOnlyForDeploymentPostprocessing = 0;
		};
		78A486EA2254F5C5009F5A96 /* Frameworks */ = {
			isa = PBXFrameworksBuildPhase;
			buildActionMask = 2147483647;
			files = (
			);
			runOnlyForDeploymentPostprocessing = 0;
		};
		78A486F52254F5C5009F5A96 /* Frameworks */ = {
			isa = PBXFrameworksBuildPhase;
			buildActionMask = 2147483647;
			files = (
			);
			runOnlyForDeploymentPostprocessing = 0;
		};
/* End PBXFrameworksBuildPhase section */

/* Begin PBXGroup section */
		78A486D02254F5C3009F5A96 = {
			isa = PBXGroup;
			children = (
				78A486DB2254F5C3009F5A96 /* AppArchitecture */,
				78A486F02254F5C5009F5A96 /* AppArchitectureTests */,
				78A486FB2254F5C5009F5A96 /* AppArchitectureUITests */,
				78A486DA2254F5C3009F5A96 /* Products */,
			);
			sourceTree = "<group>";
		};
		78A486DA2254F5C3009F5A96 /* Products */ = {
			isa = PBXGroup;
			children = (
				78A486D92254F5C3009F5A96 /* AppArchitecture.app */,
				78A486ED2254F5C5009F5A96 /* AppArchitectureTests.xctest */,
				78A486F82254F5C5009F5A96 /* AppArchitectureUITests.xctest */,
			);
			name = Products;
			sourceTree = "<group>";
		};
		78A486DB2254F5C3009F5A96 /* AppArchitecture */ = {
			isa = PBXGroup;
			children = (
				78A486DC2254F5C3009F5A96 /* AppDelegate.swift */,
				78A486DE2254F5C3009F5A96 /* ViewController.swift */,
				78A486E02254F5C3009F5A96 /* Main.storyboard */,
				78A486E32254F5C5009F5A96 /* Assets.xcassets */,
				78A486E52254F5C5009F5A96 /* LaunchScreen.storyboard */,
				78A486E82254F5C5009F5A96 /* Info.plist */,
				78A4870A2254FE21009F5A96 /* Model.swift */,
			);
			path = AppArchitecture;
			sourceTree = "<group>";
		};
		78A486F02254F5C5009F5A96 /* AppArchitectureTests */ = {
			isa = PBXGroup;
			children = (
				78A486F12254F5C5009F5A96 /* AppArchitectureTests.swift */,
				78A486F32254F5C5009F5A96 /* Info.plist */,
			);
			path = AppArchitectureTests;
			sourceTree = "<group>";
		};
		78A486FB2254F5C5009F5A96 /* AppArchitectureUITests */ = {
			isa = PBXGroup;
			children = (
				78A486FC2254F5C5009F5A96 /* AppArchitectureUITests.swift */,
				78A486FE2254F5C5009F5A96 /* Info.plist */,
			);
			path = AppArchitectureUITests;
			sourceTree = "<group>";
		};
/* End PBXGroup section */

/* Begin PBXNativeTarget section */
		78A486D82254F5C3009F5A96 /* AppArchitecture */ = {
			isa = PBXNativeTarget;
			buildConfigurationList = 78A487012254F5C5009F5A96 /* Build configuration list for PBXNativeTarget "AppArchitecture" */;
			buildPhases = (
				78A486D52254F5C3009F5A96 /* Sources */,
				78A486D62254F5C3009F5A96 /* Frameworks */,
				78A486D72254F5C3009F5A96 /* Resources */,
			);
			buildRules = (
			);
			dependencies = (
			);
			name = AppArchitecture;
			productName = AppArchitecture;
			productReference = 78A486D92254F5C3009F5A96 /* AppArchitecture.app */;
			productType = "com.apple.product-type.application";
		};
		78A486EC2254F5C5009F5A96 /* AppArchitectureTests */ = {
			isa = PBXNativeTarget;
			buildConfigurationList = 78A487042254F5C5009F5A96 /* Build configuration list for PBXNativeTarget "AppArchitectureTests" */;
			buildPhases = (
				78A486E92254F5C5009F5A96 /* Sources */,
				78A486EA2254F5C5009F5A96 /* Frameworks */,
				78A486EB2254F5C5009F5A96 /* Resources */,
			);
			buildRules = (
			);
			dependencies = (
				78A486EF2254F5C5009F5A96 /* PBXTargetDependency */,
			);
			name = AppArchitectureTests;
			productName = AppArchitectureTests;
			productReference = 78A486ED2254F5C5009F5A96 /* AppArchitectureTests.xctest */;
			productType = "com.apple.product-type.bundle.unit-test";
		};
		78A486F72254F5C5009F5A96 /* AppArchitectureUITests */ = {
			isa = PBXNativeTarget;
			buildConfigurationList = 78A487072254F5C5009F5A96 /* Build configuration list for PBXNativeTarget "AppArchitectureUITests" */;
			buildPhases = (
				78A486F42254F5C5009F5A96 /* Sources */,
				78A486F52254F5C5009F5A96 /* Frameworks */,
				78A486F62254F5C5009F5A96 /* Resources */,
			);
			buildRules = (
			);
			dependencies = (
				78A486FA2254F5C5009F5A96 /* PBXTargetDependency */,
			);
			name = AppArchitectureUITests;
			productName = AppArchitectureUITests;
			productReference = 78A486F82254F5C5009F5A96 /* AppArchitectureUITests.xctest */;
			productType = "com.apple.product-type.bundle.ui-testing";
		};
/* End PBXNativeTarget section */

/* Begin PBXProject section */
		78A486D12254F5C3009F5A96 /* Project object */ = {
			isa = PBXProject;
			attributes = {
				LastSwiftUpdateCheck = 1010;
				LastUpgradeCheck = 1010;
				ORGANIZATIONNAME = zzb;
				TargetAttributes = {
					78A486D82254F5C3009F5A96 = {
						CreatedOnToolsVersion = 10.1;
					};
					78A486EC2254F5C5009F5A96 = {
						CreatedOnToolsVersion = 10.1;
						TestTargetID = 78A486D82254F5C3009F5A96;
					};
					78A486F72254F5C5009F5A96 = {
						CreatedOnToolsVersion = 10.1;
						TestTargetID = 78A486D82254F5C3009F5A96;
					};
				};
			};
			buildConfigurationList = 78A486D42254F5C3009F5A96 /* Build configuration list for PBXProject "AppArchitecture" */;
			compatibilityVersion = "Xcode 9.3";
			developmentRegion = en;
			hasScannedForEncodings = 0;
			knownRegions = (
				en,
				Base,
			);
			mainGroup = 78A486D02254F5C3009F5A96;
			productRefGroup = 78A486DA2254F5C3009F5A96 /* Products */;
			projectDirPath = "";
			projectRoot = "";
			targets = (
				78A486D82254F5C3009F5A96 /* AppArchitecture */,
				78A486EC2254F5C5009F5A96 /* AppArchitectureTests */,
				78A486F72254F5C5009F5A96 /* AppArchitectureUITests */,
			);
		};
/* End PBXProject section */

/* Begin PBXResourcesBuildPhase section */
		78A486D72254F5C3009F5A96 /* Resources */ = {
			isa = PBXResourcesBuildPhase;
			buildActionMask = 2147483647;
			files = (
				78A486E72254F5C5009F5A96 /* LaunchScreen.storyboard in Resources */,
				78A486E42254F5C5009F5A96 /* Assets.xcassets in Resources */,
				78A486E22254F5C3009F5A96 /* Main.storyboard in Resources */,
			);
			runOnlyForDeploymentPostprocessing = 0;
		};
		78A486EB2254F5C5009F5A96 /* Resources */ = {
			isa = PBXResourcesBuildPhase;
			buildActionMask = 2147483647;
			files = (
			);
			runOnlyForDeploymentPostprocessing = 0;
		};
		78A486F62254F5C5009F5A96 /* Resources */ = {
			isa = PBXResourcesBuildPhase;
			buildActionMask = 2147483647;
			files = (
			);
			runOnlyForDeploymentPostprocessing = 0;
		};
/* End PBXResourcesBuildPhase section */

/* Begin PBXSourcesBuildPhase section */
		78A486D52254F5C3009F5A96 /* Sources */ = {
			isa = PBXSourcesBuildPhase;
			buildActionMask = 2147483647;
			files = (
				78A4870B2254FE21009F5A96 /* Model.swift in Sources */,
				78A486DF2254F5C3009F5A96 /* ViewController.swift in Sources */,
				78A486DD2254F5C3009F5A96 /* AppDelegate.swift in Sources */,
			);
			runOnlyForDeploymentPostprocessing = 0;
		};
		78A486E92254F5C5009F5A96 /* Sources */ = {
			isa = PBXSourcesBuildPhase;
			buildActionMask = 2147483647;
			files = (
				78A486F22254F5C5009F5A96 /* AppArchitectureTests.swift in Sources */,
				78A4870C2254FE21009F5A96 /* Model.swift in Sources */,
			);
			runOnlyForDeploymentPostprocessing = 0;
		};
		78A486F42254F5C5009F5A96 /* Sources */ = {
			isa = PBXSourcesBuildPhase;
			buildActionMask = 2147483647;
			files = (
				78A486FD2254F5C5009F5A96 /* AppArchitectureUITests.swift in Sources */,
				78A4870D2254FE21009F5A96 /* Model.swift in Sources */,
			);
			runOnlyForDeploymentPostprocessing = 0;
		};
/* End PBXSourcesBuildPhase section */

/* Begin PBXTargetDependency section */
		78A486EF2254F5C5009F5A96 /* PBXTargetDependency */ = {
			isa = PBXTargetDependency;
			target = 78A486D82254F5C3009F5A96 /* AppArchitecture */;
			targetProxy = 78A486EE2254F5C5009F5A96 /* PBXContainerItemProxy */;
		};
		78A486FA2254F5C5009F5A96 /* PBXTargetDependency */ = {
			isa = PBXTargetDependency;
			target = 78A486D82254F5C3009F5A96 /* AppArchitecture */;
			targetProxy = 78A486F92254F5C5009F5A96 /* PBXContainerItemProxy */;
		};
/* End PBXTargetDependency section */

/* Begin PBXVariantGroup section */
		78A486E02254F5C3009F5A96 /* Main.storyboard */ = {
			isa = PBXVariantGroup;
			children = (
				78A486E12254F5C3009F5A96 /* Base */,
			);
			name = Main.storyboard;
			sourceTree = "<group>";
		};
		78A486E52254F5C5009F5A96 /* LaunchScreen.storyboard */ = {
			isa = PBXVariantGroup;
			children = (
				78A486E62254F5C5009F5A96 /* Base */,
			);
			name = LaunchScreen.storyboard;
			sourceTree = "<group>";
		};
/* End PBXVariantGroup section */

/* Begin XCBuildConfiguration section */
		78A486FF2254F5C5009F5A96 /* Debug */ = {
			isa = XCBuildConfiguration;
			buildSettings = {
				ALWAYS_SEARCH_USER_PATHS = NO;
				CLANG_ANALYZER_NONNULL = YES;
				CLANG_ANALYZER_NUMBER_OBJECT_CONVERSION = YES_AGGRESSIVE;
				CLANG_CXX_LANGUAGE_STANDARD = "gnu++14";
				CLANG_CXX_LIBRARY = "libc++";
				CLANG_ENABLE_MODULES = YES;
				CLANG_ENABLE_OBJC_ARC = YES;
				CLANG_ENABLE_OBJC_WEAK = YES;
				CLANG_WARN_BLOCK_CAPTURE_AUTORELEASING = YES;
				CLANG_WARN_BOOL_CONVERSION = YES;
				CLANG_WARN_COMMA = YES;
				CLANG_WARN_CONSTANT_CONVERSION = YES;
				CLANG_WARN_DEPRECATED_OBJC_IMPLEMENTATIONS = YES;
				CLANG_WARN_DIRECT_OBJC_ISA_USAGE = YES_ERROR;
				CLANG_WARN_DOCUMENTATION_COMMENTS = YES;
				CLANG_WARN_EMPTY_BODY = YES;
				CLANG_WARN_ENUM_CONVERSION = YES;
				CLANG_WARN_INFINITE_RECURSION = YES;
				CLANG_WARN_INT_CONVERSION = YES;
				CLANG_WARN_NON_LITERAL_NULL_CONVERSION = YES;
				CLANG_WARN_OBJC_IMPLICIT_RETAIN_SELF = YES;
				CLANG_WARN_OBJC_LITERAL_CONVERSION = YES;
				CLANG_WARN_OBJC_ROOT_CLASS = YES_ERROR;
				CLANG_WARN_RANGE_LOOP_ANALYSIS = YES;
				CLANG_WARN_STRICT_PROTOTYPES = YES;
				CLANG_WARN_SUSPICIOUS_MOVE = YES;
				CLANG_WARN_UNGUARDED_AVAILABILITY = YES_AGGRESSIVE;
				CLANG_WARN_UNREACHABLE_CODE = YES;
				CLANG_WARN__DUPLICATE_METHOD_MATCH = YES;
				CODE_SIGN_IDENTITY = "iPhone Developer";
				COPY_PHASE_STRIP = NO;
				DEBUG_INFORMATION_FORMAT = dwarf;
				ENABLE_STRICT_OBJC_MSGSEND = YES;
				ENABLE_TESTABILITY = YES;
				GCC_C_LANGUAGE_STANDARD = gnu11;
				GCC_DYNAMIC_NO_PIC = NO;
				GCC_NO_COMMON_BLOCKS = YES;
				GCC_OPTIMIZATION_LEVEL = 0;
				GCC_PREPROCESSOR_DEFINITIONS = (
					"DEBUG=1",
					"$(inherited)",
				);
				GCC_WARN_64_TO_32_BIT_CONVERSION = YES;
				GCC_WARN_ABOUT_RETURN_TYPE = YES_ERROR;
				GCC_WARN_UNDECLARED_SELECTOR = YES;
				GCC_WARN_UNINITIALIZED_AUTOS = YES_AGGRESSIVE;
				GCC_WARN_UNUSED_FUNCTION = YES;
				GCC_WARN_UNUSED_VARIABLE = YES;
				IPHONEOS_DEPLOYMENT_TARGET = 12.1;
				MTL_ENABLE_DEBUG_INFO = INCLUDE_SOURCE;
				MTL_FAST_MATH = YES;
				ONLY_ACTIVE_ARCH = YES;
				SDKROOT = iphoneos;
				SWIFT_ACTIVE_COMPILATION_CONDITIONS = DEBUG;
				SWIFT_OPTIMIZATION_LEVEL = "-Onone";
			};
			name = Debug;
		};
		78A487002254F5C5009F5A96 /* Release */ = {
			isa = XCBuildConfiguration;
			buildSettings = {
				ALWAYS_SEARCH_USER_PATHS = NO;
				CLANG_ANALYZER_NONNULL = YES;
				CLANG_ANALYZER_NUMBER_OBJECT_CONVERSION = YES_AGGRESSIVE;
				CLANG_CXX_LANGUAGE_STANDARD = "gnu++14";
				CLANG_CXX_LIBRARY = "libc++";
				CLANG_ENABLE_MODULES = YES;
				CLANG_ENABLE_OBJC_ARC = YES;
				CLANG_ENABLE_OBJC_WEAK = YES;
				CLANG_WARN_BLOCK_CAPTURE_AUTORELEASING = YES;
				CLANG_WARN_BOOL_CONVERSION = YES;
				CLANG_WARN_COMMA = YES;
				CLANG_WARN_CONSTANT_CONVERSION = YES;
				CLANG_WARN_DEPRECATED_OBJC_IMPLEMENTATIONS = YES;
				CLANG_WARN_DIRECT_OBJC_ISA_USAGE = YES_ERROR;
				CLANG_WARN_DOCUMENTATION_COMMENTS = YES;
				CLANG_WARN_EMPTY_BODY = YES;
				CLANG_WARN_ENUM_CONVERSION = YES;
				CLANG_WARN_INFINITE_RECURSION = YES;
				CLANG_WARN_INT_CONVERSION = YES;
				CLANG_WARN_NON_LITERAL_NULL_CONVERSION = YES;
				CLANG_WARN_OBJC_IMPLICIT_RETAIN_SELF = YES;
				CLANG_WARN_OBJC_LITERAL_CONVERSION = YES;
				CLANG_WARN_OBJC_ROOT_CLASS = YES_ERROR;
				CLANG_WARN_RANGE_LOOP_ANALYSIS = YES;
				CLANG_WARN_STRICT_PROTOTYPES = YES;
				CLANG_WARN_SUSPICIOUS_MOVE = YES;
				CLANG_WARN_UNGUARDED_AVAILABILITY = YES_AGGRESSIVE;
				CLANG_WARN_UNREACHABLE_CODE = YES;
				CLANG_WARN__DUPLICATE_METHOD_MATCH = YES;
				CODE_SIGN_IDENTITY = "iPhone Developer";
				COPY_PHASE_STRIP = NO;
				DEBUG_INFORMATION_FORMAT = "dwarf-with-dsym";
				ENABLE_NS_ASSERTIONS = NO;
				ENABLE_STRICT_OBJC_MSGSEND = YES;
				GCC_C_LANGUAGE_STANDARD = gnu11;
				GCC_NO_COMMON_BLOCKS = YES;
				GCC_WARN_64_TO_32_BIT_CONVERSION = YES;
				GCC_WARN_ABOUT_RETURN_TYPE = YES_ERROR;
				GCC_WARN_UNDECLARED_SELECTOR = YES;
				GCC_WARN_UNINITIALIZED_AUTOS = YES_AGGRESSIVE;
				GCC_WARN_UNUSED_FUNCTION = YES;
				GCC_WARN_UNUSED_VARIABLE = YES;
				IPHONEOS_DEPLOYMENT_TARGET = 12.1;
				MTL_ENABLE_DEBUG_INFO = NO;
				MTL_FAST_MATH = YES;
				SDKROOT = iphoneos;
				SWIFT_COMPILATION_MODE = wholemodule;
				SWIFT_OPTIMIZATION_LEVEL = "-O";
				VALIDATE_PRODUCT = YES;
			};
			name = Release;
		};
		78A487022254F5C5009F5A96 /* Debug */ = {
			isa = XCBuildConfiguration;
			buildSettings = {
				ASSETCATALOG_COMPILER_APPICON_NAME = AppIcon;
				CODE_SIGN_STYLE = Automatic;
				DEVELOPMENT_TEAM = Y5WX43KK4M;
				INFOPLIST_FILE = AppArchitecture/Info.plist;
				LD_RUNPATH_SEARCH_PATHS = (
					"$(inherited)",
					"@executable_path/Frameworks",
				);
				PRODUCT_BUNDLE_IDENTIFIER = dsadsad.AppArchitecture;
				PRODUCT_NAME = "$(TARGET_NAME)";
				SWIFT_VERSION = 4.2;
				TARGETED_DEVICE_FAMILY = "1,2";
			};
			name = Debug;
		};
		78A487032254F5C5009F5A96 /* Release */ = {
			isa = XCBuildConfiguration;
			buildSettings = {
				ASSETCATALOG_COMPILER_APPICON_NAME = AppIcon;
				CODE_SIGN_STYLE = Automatic;
				DEVELOPMENT_TEAM = Y5WX43KK4M;
				INFOPLIST_FILE = AppArchitecture/Info.plist;
				LD_RUNPATH_SEARCH_PATHS = (
					"$(inherited)",
					"@executable_path/Frameworks",
				);
				PRODUCT_BUNDLE_IDENTIFIER = dsadsad.AppArchitecture;
				PRODUCT_NAME = "$(TARGET_NAME)";
				SWIFT_VERSION = 4.2;
				TARGETED_DEVICE_FAMILY = "1,2";
			};
			name = Release;
		};
		78A487052254F5C5009F5A96 /* Debug */ = {
			isa = XCBuildConfiguration;
			buildSettings = {
				ALWAYS_EMBED_SWIFT_STANDARD_LIBRARIES = YES;
				BUNDLE_LOADER = "$(TEST_HOST)";
				CODE_SIGN_STYLE = Automatic;
				DEVELOPMENT_TEAM = Y5WX43KK4M;
				INFOPLIST_FILE = AppArchitectureTests/Info.plist;
				LD_RUNPATH_SEARCH_PATHS = (
					"$(inherited)",
					"@executable_path/Frameworks",
					"@loader_path/Frameworks",
				);
				PRODUCT_BUNDLE_IDENTIFIER = dsadsad.AppArchitectureTests;
				PRODUCT_NAME = "$(TARGET_NAME)";
				SWIFT_VERSION = 4.2;
				TARGETED_DEVICE_FAMILY = "1,2";
				TEST_HOST = "$(BUILT_PRODUCTS_DIR)/AppArchitecture.app/AppArchitecture";
			};
			name = Debug;
		};
		78A487062254F5C5009F5A96 /* Release */ = {
			isa = XCBuildConfiguration;
			buildSettings = {
				ALWAYS_EMBED_SWIFT_STANDARD_LIBRARIES = YES;
				BUNDLE_LOADER = "$(TEST_HOST)";
				CODE_SIGN_STYLE = Automatic;
				DEVELOPMENT_TEAM = Y5WX43KK4M;
				INFOPLIST_FILE = AppArchitectureTests/Info.plist;
				LD_RUNPATH_SEARCH_PATHS = (
					"$(inherited)",
					"@executable_path/Frameworks",
					"@loader_path/Frameworks",
				);
				PRODUCT_BUNDLE_IDENTIFIER = dsadsad.AppArchitectureTests;
				PRODUCT_NAME = "$(TARGET_NAME)";
				SWIFT_VERSION = 4.2;
				TARGETED_DEVICE_FAMILY = "1,2";
				TEST_HOST = "$(BUILT_PRODUCTS_DIR)/AppArchitecture.app/AppArchitecture";
			};
			name = Release;
		};
		78A487082254F5C5009F5A96 /* Debug */ = {
			isa = XCBuildConfiguration;
			buildSettings = {
				ALWAYS_EMBED_SWIFT_STANDARD_LIBRARIES = YES;
				CODE_SIGN_STYLE = Automatic;
				DEVELOPMENT_TEAM = Y5WX43KK4M;
				INFOPLIST_FILE = AppArchitectureUITests/Info.plist;
				LD_RUNPATH_SEARCH_PATHS = (
					"$(inherited)",
					"@executable_path/Frameworks",
					"@loader_path/Frameworks",
				);
				PRODUCT_BUNDLE_IDENTIFIER = dsadsad.AppArchitectureUITests;
				PRODUCT_NAME = "$(TARGET_NAME)";
				SWIFT_VERSION = 4.2;
				TARGETED_DEVICE_FAMILY = "1,2";
				TEST_TARGET_NAME = AppArchitecture;
			};
			name = Debug;
		};
		78A487092254F5C5009F5A96 /* Release */ = {
			isa = XCBuildConfiguration;
			buildSettings = {
				ALWAYS_EMBED_SWIFT_STANDARD_LIBRARIES = YES;
				CODE_SIGN_STYLE = Automatic;
				DEVELOPMENT_TEAM = Y5WX43KK4M;
				INFOPLIST_FILE = AppArchitectureUITests/Info.plist;
				LD_RUNPATH_SEARCH_PATHS = (
					"$(inherited)",
					"@executable_path/Frameworks",
					"@loader_path/Frameworks",
				);
				PRODUCT_BUNDLE_IDENTIFIER = dsadsad.AppArchitectureUITests;
				PRODUCT_NAME = "$(TARGET_NAME)";
				SWIFT_VERSION = 4.2;
				TARGETED_DEVICE_FAMILY = "1,2";
				TEST_TARGET_NAME = AppArchitecture;
			};
			name = Release;
		};
/* End XCBuildConfiguration section */

/* Begin XCConfigurationList section */
		78A486D42254F5C3009F5A96 /* Build configuration list for PBXProject "AppArchitecture" */ = {
			isa = XCConfigurationList;
			buildConfigurations = (
				78A486FF2254F5C5009F5A96 /* Debug */,
				78A487002254F5C5009F5A96 /* Release */,
			);
			defaultConfigurationIsVisible = 0;
			defaultConfigurationName = Release;
		};
		78A487012254F5C5009F5A96 /* Build configuration list for PBXNativeTarget "AppArchitecture" */ = {
			isa = XCConfigurationList;
			buildConfigurations = (
				78A487022254F5C5009F5A96 /* Debug */,
				78A487032254F5C5009F5A96 /* Release */,
			);
			defaultConfigurationIsVisible = 0;
			defaultConfigurationName = Release;
		};
		78A487042254F5C5009F5A96 /* Build configuration list for PBXNativeTarget "AppArchitectureTests" */ = {
			isa = XCConfigurationList;
			buildConfigurations = (
				78A487052254F5C5009F5A96 /* Debug */,
				78A487062254F5C5009F5A96 /* Release */,
			);
			defaultConfigurationIsVisible = 0;
			defaultConfigurationName = Release;
		};
		78A487072254F5C5009F5A96 /* Build configuration list for PBXNativeTarget "AppArchitectureUITests" */ = {
			isa = XCConfigurationList;
			buildConfigurations = (
				78A487082254F5C5009F5A96 /* Debug */,
				78A487092254F5C5009F5A96 /* Release */,
			);
			defaultConfigurationIsVisible = 0;
			defaultConfigurationName = Release;
		};
/* End XCConfigurationList section */
	};
	rootObject = 78A486D12254F5C3009F5A96 /* Project object */;
}
